
Microsoft Visual Studio Solution File, Format Version 12.00
# Visual Studio 15
VisualStudioVersion = 15.0.28307.489
MinimumVisualStudioVersion = 10.0.40219.1
Project("{FAE04EC0-301F-11D3-BF4B-00C04F79EFBC}") = "Message", "Message\Message.csproj", "{8AC9678E-79B4-4DEE-A35B-C437EE62DBE9}"
EndProject
Project("{FAE04EC0-301F-11D3-BF4B-00C04F79EFBC}") = "GrpcServer", "GrpcServer\GrpcServer.csproj", "{AB2EB098-FC99-448E-B026-2D8EFE334199}"
EndProject
Project("{FAE04EC0-301F-11D3-BF4B-00C04F79EFBC}") = "GrpcClient", "GrpcClient\GrpcClient.csproj", "{2F65B736-7CFC-4C1C-8047-CE81D0362ED8}"
EndProject
Global
	GlobalSection(SolutionConfigurationPlatforms) = preSolution
		Debug|Any CPU = Debug|Any CPU
		Release|Any CPU = Release|Any CPU
	EndGlobalSection
	GlobalSection(ProjectConfigurationPlatforms) = postSolution
		{8AC9678E-79B4-4DEE-A35B-C437EE62DBE9}.Debug|Any CPU.ActiveCfg = Debug|Any CPU
		{8AC9678E-79B4-4DEE-A35B-C437EE62DBE9}.Debug|Any CPU.Build.0 = Debug|Any CPU
		{8AC9678E-79B4-4DEE-A35B-C437EE62DBE9}.Release|Any CPU.ActiveCfg = Release|Any CPU
		{8AC9678E-79B4-4DEE-A35B-C437EE62DBE9}.Release|Any CPU.Build.0 = Release|Any CPU
		{AB2EB098-FC99-448E-B026-2D8EFE334199}.Debug|Any CPU.ActiveCfg = Debug|Any CPU
		{AB2EB098-FC99-448E-B026-2D8EFE334199}.Debug|Any CPU.Build.0 = Debug|Any CPU
		{AB2EB098-FC99-448E-B026-2D8EFE334199}.Release|Any CPU.ActiveCfg = Release|Any CPU
		{AB2EB098-FC99-448E-B026-2D8EFE334199}.Release|Any CPU.Build.0 = Release|Any CPU
		{2F65B736-7CFC-4C1C-8047-CE81D0362ED8}.Debug|Any CPU.ActiveCfg = Debug|Any CPU
		{2F65B736-7CFC-4C1C-8047-CE81D0362ED8}.Debug|Any CPU.Build.0 = Debug|Any CPU
		{2F65B736-7CFC-4C1C-8047-CE81D0362ED8}.Release|Any CPU.ActiveCfg = Release|Any CPU
		{2F65B736-7CFC-4C1C-8047-CE81D0362ED8}.Release|Any CPU.Build.0 = Release|Any CPU
	EndGlobalSection
	GlobalSection(SolutionProperties) = preSolution
		HideSolutionNode = FALSE
	EndGlobalSection
	GlobalSection(ExtensibilityGlobals) = postSolution
		SolutionGuid = {FB632240-FEA6-45D2-A079-D64FE4556D13}
	EndGlobalSection
EndGlobal
